
Microsoft Visual Studio Solution File, Format Version 12.00
# Visual Studio Version 17
VisualStudioVersion = 17.13.35825.156 d17.13
MinimumVisualStudioVersion = 10.0.40219.1
Project("{FAE04EC0-301F-11D3-BF4B-00C04F79EFBC}") = "AppWeather", "AppWeather.csproj", "{B51664DD-7FC9-4F24-B04B-2E60B43E5978}"
EndProject
Global
	GlobalSection(SolutionConfigurationPlatforms) = preSolution
		Debug|Any CPU = Debug|Any CPU
		Release|Any CPU = Release|Any CPU
	EndGlobalSection
	GlobalSection(ProjectConfigurationPlatforms) = postSolution
		{B51664DD-7FC9-4F24-B04B-2E60B43E5978}.Debug|Any CPU.ActiveCfg = Debug|Any CPU
		{B51664DD-7FC9-4F24-B04B-2E60B43E5978}.Debug|Any CPU.Build.0 = Debug|Any CPU
		{B51664DD-7FC9-4F24-B04B-2E60B43E5978}.Release|Any CPU.ActiveCfg = Release|Any CPU
		{B51664DD-7FC9-4F24-B04B-2E60B43E5978}.Release|Any CPU.Build.0 = Release|Any CPU
	EndGlobalSection
	GlobalSection(SolutionProperties) = preSolution
		HideSolutionNode = FALSE
	EndGlobalSection
	GlobalSection(ExtensibilityGlobals) = postSolution
		SolutionGuid = {3DA42D19-0CCE-4506-9E31-017A3A6E378D}
	EndGlobalSection
EndGlobal
